// !$*UTF8*$!
{
	archiveVersion = 1;
	classes = {
	};
	objectVersion = 50;
	objects = {

/* Begin PBXBuildFile section */
		69ACB59024C4D85A00667A9E /* AppDelegate.swift in Sources */ = {isa = PBXBuildFile; fileRef = 69ACB58F24C4D85A00667A9E /* AppDelegate.swift */; };
		69ACB59224C4D85A00667A9E /* TodayViewController.swift in Sources */ = {isa = PBXBuildFile; fileRef = 69ACB59124C4D85A00667A9E /* TodayViewController.swift */; };
		69ACB59524C4D85A00667A9E /* Main.storyboard in Resources */ = {isa = PBXBuildFile; fileRef = 69ACB59324C4D85A00667A9E /* Main.storyboard */; };
		69ACB59724C4D85E00667A9E /* Assets.xcassets in Resources */ = {isa = PBXBuildFile; fileRef = 69ACB59624C4D85E00667A9E /* Assets.xcassets */; };
		69ACB59A24C4D85E00667A9E /* LaunchScreen.storyboard in Resources */ = {isa = PBXBuildFile; fileRef = 69ACB59824C4D85E00667A9E /* LaunchScreen.storyboard */; };
		69ACB5A524C4D85E00667A9E /* GroupjectTests.swift in Sources */ = {isa = PBXBuildFile; fileRef = 69ACB5A424C4D85E00667A9E /* GroupjectTests.swift */; };
		69ACB5B024C4D85E00667A9E /* GroupjectUITests.swift in Sources */ = {isa = PBXBuildFile; fileRef = 69ACB5AF24C4D85E00667A9E /* GroupjectUITests.swift */; };
		69ACB5BE24C4DB7300667A9E /* CalendarViewController.swift in Sources */ = {isa = PBXBuildFile; fileRef = 69ACB5BD24C4DB7300667A9E /* CalendarViewController.swift */; };
		69ACB5C024C4DB7E00667A9E /* ToolViewController.swift in Sources */ = {isa = PBXBuildFile; fileRef = 69ACB5BF24C4DB7E00667A9E /* ToolViewController.swift */; };
		69ACB5C224C4DE2600667A9E /* DetialViewController.swift in Sources */ = {isa = PBXBuildFile; fileRef = 69ACB5C124C4DE2600667A9E /* DetialViewController.swift */; };
/* End PBXBuildFile section */

/* Begin PBXContainerItemProxy section */
		69ACB5A124C4D85E00667A9E /* PBXContainerItemProxy */ = {
			isa = PBXContainerItemProxy;
			containerPortal = 69ACB58424C4D85A00667A9E /* Project object */;
			proxyType = 1;
			remoteGlobalIDString = 69ACB58B24C4D85A00667A9E;
			remoteInfo = Groupject;
		};
		69ACB5AC24C4D85E00667A9E /* PBXContainerItemProxy */ = {
			isa = PBXContainerItemProxy;
			containerPortal = 69ACB58424C4D85A00667A9E /* Project object */;
			proxyType = 1;
			remoteGlobalIDString = 69ACB58B24C4D85A00667A9E;
			remoteInfo = Groupject;
		};
/* End PBXContainerItemProxy section */

/* Begin PBXFileReference section */
		69ACB58C24C4D85A00667A9E /* Groupject.app */ = {isa = PBXFileReference; explicitFileType = wrapper.application; includeInIndex = 0; path = Groupject.app; sourceTree = BUILT_PRODUCTS_DIR; };
		69ACB58F24C4D85A00667A9E /* AppDelegate.swift */ = {isa = PBXFileReference; lastKnownFileType = sourcecode.swift; path = AppDelegate.swift; sourceTree = "<group>"; };
		69ACB59124C4D85A00667A9E /* TodayViewController.swift */ = {isa = PBXFileReference; lastKnownFileType = sourcecode.swift; path = TodayViewController.swift; sourceTree = "<group>"; };
		69ACB59424C4D85A00667A9E /* Base */ = {isa = PBXFileReference; lastKnownFileType = file.storyboard; name = Base; path = Base.lproj/Main.storyboard; sourceTree = "<group>"; };
		69ACB59624C4D85E00667A9E /* Assets.xcassets */ = {isa = PBXFileReference; lastKnownFileType = folder.assetcatalog; path = Assets.xcassets; sourceTree = "<group>"; };
		69ACB59924C4D85E00667A9E /* Base */ = {isa = PBXFileReference; lastKnownFileType = file.storyboard; name = Base; path = Base.lproj/LaunchScreen.storyboard; sourceTree = "<group>"; };
		69ACB59B24C4D85E00667A9E /* Info.plist */ = {isa = PBXFileReference; lastKnownFileType = text.plist.xml; path = Info.plist; sourceTree = "<group>"; };
		69ACB5A024C4D85E00667A9E /* GroupjectTests.xctest */ = {isa = PBXFileReference; explicitFileType = wrapper.cfbundle; includeInIndex = 0; path = GroupjectTests.xctest; sourceTree = BUILT_PRODUCTS_DIR; };
		69ACB5A424C4D85E00667A9E /* GroupjectTests.swift */ = {isa = PBXFileReference; lastKnownFileType = sourcecode.swift; path = GroupjectTests.swift; sourceTree = "<group>"; };
		69ACB5A624C4D85E00667A9E /* Info.plist */ = {isa = PBXFileReference; lastKnownFileType = text.plist.xml; path = Info.plist; sourceTree = "<group>"; };
		69ACB5AB24C4D85E00667A9E /* GroupjectUITests.xctest */ = {isa = PBXFileReference; explicitFileType = wrapper.cfbundle; includeInIndex = 0; path = GroupjectUITests.xctest; sourceTree = BUILT_PRODUCTS_DIR; };
		69ACB5AF24C4D85E00667A9E /* GroupjectUITests.swift */ = {isa = PBXFileReference; lastKnownFileType = sourcecode.swift; path = GroupjectUITests.swift; sourceTree = "<group>"; };
		69ACB5B124C4D85E00667A9E /* Info.plist */ = {isa = PBXFileReference; lastKnownFileType = text.plist.xml; path = Info.plist; sourceTree = "<group>"; };
		69ACB5BD24C4DB7300667A9E /* CalendarViewController.swift */ = {isa = PBXFileReference; lastKnownFileType = sourcecode.swift; path = CalendarViewController.swift; sourceTree = "<group>"; };
		69ACB5BF24C4DB7E00667A9E /* ToolViewController.swift */ = {isa = PBXFileReference; lastKnownFileType = sourcecode.swift; path = ToolViewController.swift; sourceTree = "<group>"; };
		69ACB5C124C4DE2600667A9E /* DetialViewController.swift */ = {isa = PBXFileReference; lastKnownFileType = sourcecode.swift; path = DetialViewController.swift; sourceTree = "<group>"; };
/* End PBXFileReference section */

/* Begin PBXFrameworksBuildPhase section */
		69ACB58924C4D85A00667A9E /* Frameworks */ = {
			isa = PBXFrameworksBuildPhase;
			buildActionMask = 2147483647;
			files = (
			);
			runOnlyForDeploymentPostprocessing = 0;
		};
		69ACB59D24C4D85E00667A9E /* Frameworks */ = {
			isa = PBXFrameworksBuildPhase;
			buildActionMask = 2147483647;
			files = (
			);
			runOnlyForDeploymentPostprocessing = 0;
		};
		69ACB5A824C4D85E00667A9E /* Frameworks */ = {
			isa = PBXFrameworksBuildPhase;
			buildActionMask = 2147483647;
			files = (
			);
			runOnlyForDeploymentPostprocessing = 0;
		};
/* End PBXFrameworksBuildPhase section */

/* Begin PBXGroup section */
		69ACB58324C4D85A00667A9E = {
			isa = PBXGroup;
			children = (
				69ACB58E24C4D85A00667A9E /* Groupject */,
				69ACB5A324C4D85E00667A9E /* GroupjectTests */,
				69ACB5AE24C4D85E00667A9E /* GroupjectUITests */,
				69ACB58D24C4D85A00667A9E /* Products */,
			);
			sourceTree = "<group>";
		};
		69ACB58D24C4D85A00667A9E /* Products */ = {
			isa = PBXGroup;
			children = (
				69ACB58C24C4D85A00667A9E /* Groupject.app */,
				69ACB5A024C4D85E00667A9E /* GroupjectTests.xctest */,
				69ACB5AB24C4D85E00667A9E /* GroupjectUITests.xctest */,
			);
			name = Products;
			sourceTree = "<group>";
		};
		69ACB58E24C4D85A00667A9E /* Groupject */ = {
			isa = PBXGroup;
			children = (
				69ACB58F24C4D85A00667A9E /* AppDelegate.swift */,
				69ACB59124C4D85A00667A9E /* TodayViewController.swift */,
				69ACB59324C4D85A00667A9E /* Main.storyboard */,
				69ACB59624C4D85E00667A9E /* Assets.xcassets */,
				69ACB59824C4D85E00667A9E /* LaunchScreen.storyboard */,
				69ACB59B24C4D85E00667A9E /* Info.plist */,
				69ACB5BD24C4DB7300667A9E /* CalendarViewController.swift */,
				69ACB5BF24C4DB7E00667A9E /* ToolViewController.swift */,
				69ACB5C124C4DE2600667A9E /* DetialViewController.swift */,
			);
			path = Groupject;
			sourceTree = "<group>";
		};
		69ACB5A324C4D85E00667A9E /* GroupjectTests */ = {
			isa = PBXGroup;
			children = (
				69ACB5A424C4D85E00667A9E /* GroupjectTests.swift */,
				69ACB5A624C4D85E00667A9E /* Info.plist */,
			);
			path = GroupjectTests;
			sourceTree = "<group>";
		};
		69ACB5AE24C4D85E00667A9E /* GroupjectUITests */ = {
			isa = PBXGroup;
			children = (
				69ACB5AF24C4D85E00667A9E /* GroupjectUITests.swift */,
				69ACB5B124C4D85E00667A9E /* Info.plist */,
			);
			path = GroupjectUITests;
			sourceTree = "<group>";
		};
/* End PBXGroup section */

/* Begin PBXNativeTarget section */
		69ACB58B24C4D85A00667A9E /* Groupject */ = {
			isa = PBXNativeTarget;
			buildConfigurationList = 69ACB5B424C4D85E00667A9E /* Build configuration list for PBXNativeTarget "Groupject" */;
			buildPhases = (
				69ACB58824C4D85A00667A9E /* Sources */,
				69ACB58924C4D85A00667A9E /* Frameworks */,
				69ACB58A24C4D85A00667A9E /* Resources */,
			);
			buildRules = (
			);
			dependencies = (
			);
			name = Groupject;
			productName = Groupject;
			productReference = 69ACB58C24C4D85A00667A9E /* Groupject.app */;
			productType = "com.apple.product-type.application";
		};
		69ACB59F24C4D85E00667A9E /* GroupjectTests */ = {
			isa = PBXNativeTarget;
			buildConfigurationList = 69ACB5B724C4D85E00667A9E /* Build configuration list for PBXNativeTarget "GroupjectTests" */;
			buildPhases = (
				69ACB59C24C4D85E00667A9E /* Sources */,
				69ACB59D24C4D85E00667A9E /* Frameworks */,
				69ACB59E24C4D85E00667A9E /* Resources */,
			);
			buildRules = (
			);
			dependencies = (
				69ACB5A224C4D85E00667A9E /* PBXTargetDependency */,
			);
			name = GroupjectTests;
			productName = GroupjectTests;
			productReference = 69ACB5A024C4D85E00667A9E /* GroupjectTests.xctest */;
			productType = "com.apple.product-type.bundle.unit-test";
		};
		69ACB5AA24C4D85E00667A9E /* GroupjectUITests */ = {
			isa = PBXNativeTarget;
			buildConfigurationList = 69ACB5BA24C4D85E00667A9E /* Build configuration list for PBXNativeTarget "GroupjectUITests" */;
			buildPhases = (
				69ACB5A724C4D85E00667A9E /* Sources */,
				69ACB5A824C4D85E00667A9E /* Frameworks */,
				69ACB5A924C4D85E00667A9E /* Resources */,
			);
			buildRules = (
			);
			dependencies = (
				69ACB5AD24C4D85E00667A9E /* PBXTargetDependency */,
			);
			name = GroupjectUITests;
			productName = GroupjectUITests;
			productReference = 69ACB5AB24C4D85E00667A9E /* GroupjectUITests.xctest */;
			productType = "com.apple.product-type.bundle.ui-testing";
		};
/* End PBXNativeTarget section */

/* Begin PBXProject section */
		69ACB58424C4D85A00667A9E /* Project object */ = {
			isa = PBXProject;
			attributes = {
				LastSwiftUpdateCheck = 1010;
				LastUpgradeCheck = 1010;
				ORGANIZATIONNAME = davyngoma;
				TargetAttributes = {
					69ACB58B24C4D85A00667A9E = {
						CreatedOnToolsVersion = 10.1;
					};
					69ACB59F24C4D85E00667A9E = {
						CreatedOnToolsVersion = 10.1;
						TestTargetID = 69ACB58B24C4D85A00667A9E;
					};
					69ACB5AA24C4D85E00667A9E = {
						CreatedOnToolsVersion = 10.1;
						TestTargetID = 69ACB58B24C4D85A00667A9E;
					};
				};
			};
			buildConfigurationList = 69ACB58724C4D85A00667A9E /* Build configuration list for PBXProject "Groupject" */;
			compatibilityVersion = "Xcode 9.3";
			developmentRegion = en;
			hasScannedForEncodings = 0;
			knownRegions = (
				en,
				Base,
			);
			mainGroup = 69ACB58324C4D85A00667A9E;
			productRefGroup = 69ACB58D24C4D85A00667A9E /* Products */;
			projectDirPath = "";
			projectRoot = "";
			targets = (
				69ACB58B24C4D85A00667A9E /* Groupject */,
				69ACB59F24C4D85E00667A9E /* GroupjectTests */,
				69ACB5AA24C4D85E00667A9E /* GroupjectUITests */,
			);
		};
/* End PBXProject section */

/* Begin PBXResourcesBuildPhase section */
		69ACB58A24C4D85A00667A9E /* Resources */ = {
			isa = PBXResourcesBuildPhase;
			buildActionMask = 2147483647;
			files = (
				69ACB59A24C4D85E00667A9E /* LaunchScreen.storyboard in Resources */,
				69ACB59724C4D85E00667A9E /* Assets.xcassets in Resources */,
				69ACB59524C4D85A00667A9E /* Main.storyboard in Resources */,
			);
			runOnlyForDeploymentPostprocessing = 0;
		};
		69ACB59E24C4D85E00667A9E /* Resources */ = {
			isa = PBXResourcesBuildPhase;
			buildActionMask = 2147483647;
			files = (
			);
			runOnlyForDeploymentPostprocessing = 0;
		};
		69ACB5A924C4D85E00667A9E /* Resources */ = {
			isa = PBXResourcesBuildPhase;
			buildActionMask = 2147483647;
			files = (
			);
			runOnlyForDeploymentPostprocessing = 0;
		};
/* End PBXResourcesBuildPhase section */

/* Begin PBXSourcesBuildPhase section */
		69ACB58824C4D85A00667A9E /* Sources */ = {
			isa = PBXSourcesBuildPhase;
			buildActionMask = 2147483647;
			files = (
				69ACB5C224C4DE2600667A9E /* DetialViewController.swift in Sources */,
				69ACB5C024C4DB7E00667A9E /* ToolViewController.swift in Sources */,
				69ACB5BE24C4DB7300667A9E /* CalendarViewController.swift in Sources */,
				69ACB59224C4D85A00667A9E /* TodayViewController.swift in Sources */,
				69ACB59024C4D85A00667A9E /* AppDelegate.swift in Sources */,
			);
			runOnlyForDeploymentPostprocessing = 0;
		};
		69ACB59C24C4D85E00667A9E /* Sources */ = {
			isa = PBXSourcesBuildPhase;
			buildActionMask = 2147483647;
			files = (
				69ACB5A524C4D85E00667A9E /* GroupjectTests.swift in Sources */,
			);
			runOnlyForDeploymentPostprocessing = 0;
		};
		69ACB5A724C4D85E00667A9E /* Sources */ = {
			isa = PBXSourcesBuildPhase;
			buildActionMask = 2147483647;
			files = (
				69ACB5B024C4D85E00667A9E /* GroupjectUITests.swift in Sources */,
			);
			runOnlyForDeploymentPostprocessing = 0;
		};
/* End PBXSourcesBuildPhase section */

/* Begin PBXTargetDependency section */
		69ACB5A224C4D85E00667A9E /* PBXTargetDependency */ = {
			isa = PBXTargetDependency;
			target = 69ACB58B24C4D85A00667A9E /* Groupject */;
			targetProxy = 69ACB5A124C4D85E00667A9E /* PBXContainerItemProxy */;
		};
		69ACB5AD24C4D85E00667A9E /* PBXTargetDependency */ = {
			isa = PBXTargetDependency;
			target = 69ACB58B24C4D85A00667A9E /* Groupject */;
			targetProxy = 69ACB5AC24C4D85E00667A9E /* PBXContainerItemProxy */;
		};
/* End PBXTargetDependency section */

/* Begin PBXVariantGroup section */
		69ACB59324C4D85A00667A9E /* Main.storyboard */ = {
			isa = PBXVariantGroup;
			children = (
				69ACB59424C4D85A00667A9E /* Base */,
			);
			name = Main.storyboard;
			sourceTree = "<group>";
		};
		69ACB59824C4D85E00667A9E /* LaunchScreen.storyboard */ = {
			isa = PBXVariantGroup;
			children = (
				69ACB59924C4D85E00667A9E /* Base */,
			);
			name = LaunchScreen.storyboard;
			sourceTree = "<group>";
		};
/* End PBXVariantGroup section */

/* Begin XCBuildConfiguration section */
		69ACB5B224C4D85E00667A9E /* Debug */ = {
			isa = XCBuildConfiguration;
			buildSettings = {
				ALWAYS_SEARCH_USER_PATHS = NO;
				CLANG_ANALYZER_NONNULL = YES;
				CLANG_ANALYZER_NUMBER_OBJECT_CONVERSION = YES_AGGRESSIVE;
				CLANG_CXX_LANGUAGE_STANDARD = "gnu++14";
				CLANG_CXX_LIBRARY = "libc++";
				CLANG_ENABLE_MODULES = YES;
				CLANG_ENABLE_OBJC_ARC = YES;
				CLANG_ENABLE_OBJC_WEAK = YES;
				CLANG_WARN_BLOCK_CAPTURE_AUTORELEASING = YES;
				CLANG_WARN_BOOL_CONVERSION = YES;
				CLANG_WARN_COMMA = YES;
				CLANG_WARN_CONSTANT_CONVERSION = YES;
				CLANG_WARN_DEPRECATED_OBJC_IMPLEMENTATIONS = YES;
				CLANG_WARN_DIRECT_OBJC_ISA_USAGE = YES_ERROR;
				CLANG_WARN_DOCUMENTATION_COMMENTS = YES;
				CLANG_WARN_EMPTY_BODY = YES;
				CLANG_WARN_ENUM_CONVERSION = YES;
				CLANG_WARN_INFINITE_RECURSION = YES;
				CLANG_WARN_INT_CONVERSION = YES;
				CLANG_WARN_NON_LITERAL_NULL_CONVERSION = YES;
				CLANG_WARN_OBJC_IMPLICIT_RETAIN_SELF = YES;
				CLANG_WARN_OBJC_LITERAL_CONVERSION = YES;
				CLANG_WARN_OBJC_ROOT_CLASS = YES_ERROR;
				CLANG_WARN_RANGE_LOOP_ANALYSIS = YES;
				CLANG_WARN_STRICT_PROTOTYPES = YES;
				CLANG_WARN_SUSPICIOUS_MOVE = YES;
				CLANG_WARN_UNGUARDED_AVAILABILITY = YES_AGGRESSIVE;
				CLANG_WARN_UNREACHABLE_CODE = YES;
				CLANG_WARN__DUPLICATE_METHOD_MATCH = YES;
				CODE_SIGN_IDENTITY = "iPhone Developer";
				COPY_PHASE_STRIP = NO;
				DEBUG_INFORMATION_FORMAT = dwarf;
				ENABLE_STRICT_OBJC_MSGSEND = YES;
				ENABLE_TESTABILITY = YES;
				GCC_C_LANGUAGE_STANDARD = gnu11;
				GCC_DYNAMIC_NO_PIC = NO;
				GCC_NO_COMMON_BLOCKS = YES;
				GCC_OPTIMIZATION_LEVEL = 0;
				GCC_PREPROCESSOR_DEFINITIONS = (
					"DEBUG=1",
					"$(inherited)",
				);
				GCC_WARN_64_TO_32_BIT_CONVERSION = YES;
				GCC_WARN_ABOUT_RETURN_TYPE = YES_ERROR;
				GCC_WARN_UNDECLARED_SELECTOR = YES;
				GCC_WARN_UNINITIALIZED_AUTOS = YES_AGGRESSIVE;
				GCC_WARN_UNUSED_FUNCTION = YES;
				GCC_WARN_UNUSED_VARIABLE = YES;
				IPHONEOS_DEPLOYMENT_TARGET = 12.1;
				MTL_ENABLE_DEBUG_INFO = INCLUDE_SOURCE;
				MTL_FAST_MATH = YES;
				ONLY_ACTIVE_ARCH = YES;
				SDKROOT = iphoneos;
				SWIFT_ACTIVE_COMPILATION_CONDITIONS = DEBUG;
				SWIFT_OPTIMIZATION_LEVEL = "-Onone";
			};
			name = Debug;
		};
		69ACB5B324C4D85E00667A9E /* Release */ = {
			isa = XCBuildConfiguration;
			buildSettings = {
				ALWAYS_SEARCH_USER_PATHS = NO;
				CLANG_ANALYZER_NONNULL = YES;
				CLANG_ANALYZER_NUMBER_OBJECT_CONVERSION = YES_AGGRESSIVE;
				CLANG_CXX_LANGUAGE_STANDARD = "gnu++14";
				CLANG_CXX_LIBRARY = "libc++";
				CLANG_ENABLE_MODULES = YES;
				CLANG_ENABLE_OBJC_ARC = YES;
				CLANG_ENABLE_OBJC_WEAK = YES;
				CLANG_WARN_BLOCK_CAPTURE_AUTORELEASING = YES;
				CLANG_WARN_BOOL_CONVERSION = YES;
				CLANG_WARN_COMMA = YES;
				CLANG_WARN_CONSTANT_CONVERSION = YES;
				CLANG_WARN_DEPRECATED_OBJC_IMPLEMENTATIONS = YES;
				CLANG_WARN_DIRECT_OBJC_ISA_USAGE = YES_ERROR;
				CLANG_WARN_DOCUMENTATION_COMMENTS = YES;
				CLANG_WARN_EMPTY_BODY = YES;
				CLANG_WARN_ENUM_CONVERSION = YES;
				CLANG_WARN_INFINITE_RECURSION = YES;
				CLANG_WARN_INT_CONVERSION = YES;
				CLANG_WARN_NON_LITERAL_NULL_CONVERSION = YES;
				CLANG_WARN_OBJC_IMPLICIT_RETAIN_SELF = YES;
				CLANG_WARN_OBJC_LITERAL_CONVERSION = YES;
				CLANG_WARN_OBJC_ROOT_CLASS = YES_ERROR;
				CLANG_WARN_RANGE_LOOP_ANALYSIS = YES;
				CLANG_WARN_STRICT_PROTOTYPES = YES;
				CLANG_WARN_SUSPICIOUS_MOVE = YES;
				CLANG_WARN_UNGUARDED_AVAILABILITY = YES_AGGRESSIVE;
				CLANG_WARN_UNREACHABLE_CODE = YES;
				CLANG_WARN__DUPLICATE_METHOD_MATCH = YES;
				CODE_SIGN_IDENTITY = "iPhone Developer";
				COPY_PHASE_STRIP = NO;
				DEBUG_INFORMATION_FORMAT = "dwarf-with-dsym";
				ENABLE_NS_ASSERTIONS = NO;
				ENABLE_STRICT_OBJC_MSGSEND = YES;
				GCC_C_LANGUAGE_STANDARD = gnu11;
				GCC_NO_COMMON_BLOCKS = YES;
				GCC_WARN_64_TO_32_BIT_CONVERSION = YES;
				GCC_WARN_ABOUT_RETURN_TYPE = YES_ERROR;
				GCC_WARN_UNDECLARED_SELECTOR = YES;
				GCC_WARN_UNINITIALIZED_AUTOS = YES_AGGRESSIVE;
				GCC_WARN_UNUSED_FUNCTION = YES;
				GCC_WARN_UNUSED_VARIABLE = YES;
				IPHONEOS_DEPLOYMENT_TARGET = 12.1;
				MTL_ENABLE_DEBUG_INFO = NO;
				MTL_FAST_MATH = YES;
				SDKROOT = iphoneos;
				SWIFT_COMPILATION_MODE = wholemodule;
				SWIFT_OPTIMIZATION_LEVEL = "-O";
				VALIDATE_PRODUCT = YES;
			};
			name = Release;
		};
		69ACB5B524C4D85E00667A9E /* Debug */ = {
			isa = XCBuildConfiguration;
			buildSettings = {
				ASSETCATALOG_COMPILER_APPICON_NAME = AppIcon;
				CODE_SIGN_STYLE = Automatic;
				INFOPLIST_FILE = Groupject/Info.plist;
				LD_RUNPATH_SEARCH_PATHS = (
					"$(inherited)",
					"@executable_path/Frameworks",
				);
				PRODUCT_BUNDLE_IDENTIFIER = fiu.Groupject;
				PRODUCT_NAME = "$(TARGET_NAME)";
				SWIFT_VERSION = 4.2;
				TARGETED_DEVICE_FAMILY = "1,2";
			};
			name = Debug;
		};
		69ACB5B624C4D85E00667A9E /* Release */ = {
			isa = XCBuildConfiguration;
			buildSettings = {
				ASSETCATALOG_COMPILER_APPICON_NAME = AppIcon;
				CODE_SIGN_STYLE = Automatic;
				INFOPLIST_FILE = Groupject/Info.plist;
				LD_RUNPATH_SEARCH_PATHS = (
					"$(inherited)",
					"@executable_path/Frameworks",
				);
				PRODUCT_BUNDLE_IDENTIFIER = fiu.Groupject;
				PRODUCT_NAME = "$(TARGET_NAME)";
				SWIFT_VERSION = 4.2;
				TARGETED_DEVICE_FAMILY = "1,2";
			};
			name = Release;
		};
		69ACB5B824C4D85E00667A9E /* Debug */ = {
			isa = XCBuildConfiguration;
			buildSettings = {
				ALWAYS_EMBED_SWIFT_STANDARD_LIBRARIES = YES;
				BUNDLE_LOADER = "$(TEST_HOST)";
				CODE_SIGN_STYLE = Automatic;
				INFOPLIST_FILE = GroupjectTests/Info.plist;
				LD_RUNPATH_SEARCH_PATHS = (
					"$(inherited)",
					"@executable_path/Frameworks",
					"@loader_path/Frameworks",
				);
				PRODUCT_BUNDLE_IDENTIFIER = fiu.GroupjectTests;
				PRODUCT_NAME = "$(TARGET_NAME)";
				SWIFT_VERSION = 4.2;
				TARGETED_DEVICE_FAMILY = "1,2";
				TEST_HOST = "$(BUILT_PRODUCTS_DIR)/Groupject.app/Groupject";
			};
			name = Debug;
		};
		69ACB5B924C4D85E00667A9E /* Release */ = {
			isa = XCBuildConfiguration;
			buildSettings = {
				ALWAYS_EMBED_SWIFT_STANDARD_LIBRARIES = YES;
				BUNDLE_LOADER = "$(TEST_HOST)";
				CODE_SIGN_STYLE = Automatic;
				INFOPLIST_FILE = GroupjectTests/Info.plist;
				LD_RUNPATH_SEARCH_PATHS = (
					"$(inherited)",
					"@executable_path/Frameworks",
					"@loader_path/Frameworks",
				);
				PRODUCT_BUNDLE_IDENTIFIER = fiu.GroupjectTests;
				PRODUCT_NAME = "$(TARGET_NAME)";
				SWIFT_VERSION = 4.2;
				TARGETED_DEVICE_FAMILY = "1,2";
				TEST_HOST = "$(BUILT_PRODUCTS_DIR)/Groupject.app/Groupject";
			};
			name = Release;
		};
		69ACB5BB24C4D85E00667A9E /* Debug */ = {
			isa = XCBuildConfiguration;
			buildSettings = {
				ALWAYS_EMBED_SWIFT_STANDARD_LIBRARIES = YES;
				CODE_SIGN_STYLE = Automatic;
				INFOPLIST_FILE = GroupjectUITests/Info.plist;
				LD_RUNPATH_SEARCH_PATHS = (
					"$(inherited)",
					"@executable_path/Frameworks",
					"@loader_path/Frameworks",
				);
				PRODUCT_BUNDLE_IDENTIFIER = fiu.GroupjectUITests;
				PRODUCT_NAME = "$(TARGET_NAME)";
				SWIFT_VERSION = 4.2;
				TARGETED_DEVICE_FAMILY = "1,2";
				TEST_TARGET_NAME = Groupject;
			};
			name = Debug;
		};
		69ACB5BC24C4D85E00667A9E /* Release */ = {
			isa = XCBuildConfiguration;
			buildSettings = {
				ALWAYS_EMBED_SWIFT_STANDARD_LIBRARIES = YES;
				CODE_SIGN_STYLE = Automatic;
				INFOPLIST_FILE = GroupjectUITests/Info.plist;
				LD_RUNPATH_SEARCH_PATHS = (
					"$(inherited)",
					"@executable_path/Frameworks",
					"@loader_path/Frameworks",
				);
				PRODUCT_BUNDLE_IDENTIFIER = fiu.GroupjectUITests;
				PRODUCT_NAME = "$(TARGET_NAME)";
				SWIFT_VERSION = 4.2;
				TARGETED_DEVICE_FAMILY = "1,2";
				TEST_TARGET_NAME = Groupject;
			};
			name = Release;
		};
/* End XCBuildConfiguration section */

/* Begin XCConfigurationList section */
		69ACB58724C4D85A00667A9E /* Build configuration list for PBXProject "Groupject" */ = {
			isa = XCConfigurationList;
			buildConfigurations = (
				69ACB5B224C4D85E00667A9E /* Debug */,
				69ACB5B324C4D85E00667A9E /* Release */,
			);
			defaultConfigurationIsVisible = 0;
			defaultConfigurationName = Release;
		};
		69ACB5B424C4D85E00667A9E /* Build configuration list for PBXNativeTarget "Groupject" */ = {
			isa = XCConfigurationList;
			buildConfigurations = (
				69ACB5B524C4D85E00667A9E /* Debug */,
				69ACB5B624C4D85E00667A9E /* Release */,
			);
			defaultConfigurationIsVisible = 0;
			defaultConfigurationName = Release;
		};
		69ACB5B724C4D85E00667A9E /* Build configuration list for PBXNativeTarget "GroupjectTests" */ = {
			isa = XCConfigurationList;
			buildConfigurations = (
				69ACB5B824C4D85E00667A9E /* Debug */,
				69ACB5B924C4D85E00667A9E /* Release */,
			);
			defaultConfigurationIsVisible = 0;
			defaultConfigurationName = Release;
		};
		69ACB5BA24C4D85E00667A9E /* Build configuration list for PBXNativeTarget "GroupjectUITests" */ = {
			isa = XCConfigurationList;
			buildConfigurations = (
				69ACB5BB24C4D85E00667A9E /* Debug */,
				69ACB5BC24C4D85E00667A9E /* Release */,
			);
			defaultConfigurationIsVisible = 0;
			defaultConfigurationName = Release;
		};
/* End XCConfigurationList section */
	};
	rootObject = 69ACB58424C4D85A00667A9E /* Project object */;
}
